// !$*UTF8*$!
{
	archiveVersion = 1;
	classes = {
	};
	objectVersion = 50;
	objects = {

/* Begin PBXBuildFile section */
		70B798A121EFB7F2008812A3 /* LocationWeather.storyboard in Resources */ = {isa = PBXBuildFile; fileRef = 70B798A021EFB7F2008812A3 /* LocationWeather.storyboard */; };
		70D30C7421ED53B500A7C17D /* AppDelegate.swift in Sources */ = {isa = PBXBuildFile; fileRef = 70D30C7321ED53B500A7C17D /* AppDelegate.swift */; };
		70D30C7621ED53B500A7C17D /* ViewController.swift in Sources */ = {isa = PBXBuildFile; fileRef = 70D30C7521ED53B500A7C17D /* ViewController.swift */; };
		70D30C7921ED53B500A7C17D /* Main.storyboard in Resources */ = {isa = PBXBuildFile; fileRef = 70D30C7721ED53B500A7C17D /* Main.storyboard */; };
		70D30C7B21ED53B600A7C17D /* Assets.xcassets in Resources */ = {isa = PBXBuildFile; fileRef = 70D30C7A21ED53B600A7C17D /* Assets.xcassets */; };
		70D30C7E21ED53B600A7C17D /* LaunchScreen.storyboard in Resources */ = {isa = PBXBuildFile; fileRef = 70D30C7C21ED53B600A7C17D /* LaunchScreen.storyboard */; };
		70FD4D4E21EF9A72008F8925 /* TitlePage.storyboard in Resources */ = {isa = PBXBuildFile; fileRef = 70FD4D4D21EF9A72008F8925 /* TitlePage.storyboard */; };
		70FD4D5021EF9A83008F8925 /* WeatherPage.storyboard in Resources */ = {isa = PBXBuildFile; fileRef = 70FD4D4F21EF9A83008F8925 /* WeatherPage.storyboard */; };
/* End PBXBuildFile section */

/* Begin PBXFileReference section */
		70B798A021EFB7F2008812A3 /* LocationWeather.storyboard */ = {isa = PBXFileReference; lastKnownFileType = file.storyboard; path = LocationWeather.storyboard; sourceTree = "<group>"; };
		70D30C7021ED53B400A7C17D /* SwampHacks.app */ = {isa = PBXFileReference; explicitFileType = wrapper.application; includeInIndex = 0; path = SwampHacks.app; sourceTree = BUILT_PRODUCTS_DIR; };
		70D30C7321ED53B500A7C17D /* AppDelegate.swift */ = {isa = PBXFileReference; lastKnownFileType = sourcecode.swift; path = AppDelegate.swift; sourceTree = "<group>"; };
		70D30C7521ED53B500A7C17D /* ViewController.swift */ = {isa = PBXFileReference; lastKnownFileType = sourcecode.swift; path = ViewController.swift; sourceTree = "<group>"; };
		70D30C7821ED53B500A7C17D /* Base */ = {isa = PBXFileReference; lastKnownFileType = file.storyboard; name = Base; path = Base.lproj/Main.storyboard; sourceTree = "<group>"; };
		70D30C7A21ED53B600A7C17D /* Assets.xcassets */ = {isa = PBXFileReference; lastKnownFileType = folder.assetcatalog; path = Assets.xcassets; sourceTree = "<group>"; };
		70D30C7D21ED53B600A7C17D /* Base */ = {isa = PBXFileReference; lastKnownFileType = file.storyboard; name = Base; path = Base.lproj/LaunchScreen.storyboard; sourceTree = "<group>"; };
		70D30C7F21ED53B600A7C17D /* Info.plist */ = {isa = PBXFileReference; lastKnownFileType = text.plist.xml; path = Info.plist; sourceTree = "<group>"; };
		70FD4D4D21EF9A72008F8925 /* TitlePage.storyboard */ = {isa = PBXFileReference; lastKnownFileType = file.storyboard; path = TitlePage.storyboard; sourceTree = "<group>"; };
		70FD4D4F21EF9A83008F8925 /* WeatherPage.storyboard */ = {isa = PBXFileReference; lastKnownFileType = file.storyboard; path = WeatherPage.storyboard; sourceTree = "<group>"; };
/* End PBXFileReference section */

/* Begin PBXFrameworksBuildPhase section */
		70D30C6D21ED53B400A7C17D /* Frameworks */ = {
			isa = PBXFrameworksBuildPhase;
			buildActionMask = 2147483647;
			files = (
			);
			runOnlyForDeploymentPostprocessing = 0;
		};
/* End PBXFrameworksBuildPhase section */

/* Begin PBXGroup section */
		70D30C6721ED53B400A7C17D = {
			isa = PBXGroup;
			children = (
				70D30C7221ED53B400A7C17D /* SwampHacks */,
				70D30C7121ED53B400A7C17D /* Products */,
			);
			sourceTree = "<group>";
		};
		70D30C7121ED53B400A7C17D /* Products */ = {
			isa = PBXGroup;
			children = (
				70D30C7021ED53B400A7C17D /* SwampHacks.app */,
			);
			name = Products;
			sourceTree = "<group>";
		};
		70D30C7221ED53B400A7C17D /* SwampHacks */ = {
			isa = PBXGroup;
			children = (
				70D30C7321ED53B500A7C17D /* AppDelegate.swift */,
				70D30C7521ED53B500A7C17D /* ViewController.swift */,
				70D30C7721ED53B500A7C17D /* Main.storyboard */,
				70FD4D4D21EF9A72008F8925 /* TitlePage.storyboard */,
				70FD4D4F21EF9A83008F8925 /* WeatherPage.storyboard */,
				70B798A021EFB7F2008812A3 /* LocationWeather.storyboard */,
				70D30C7A21ED53B600A7C17D /* Assets.xcassets */,
				70D30C7C21ED53B600A7C17D /* LaunchScreen.storyboard */,
				70D30C7F21ED53B600A7C17D /* Info.plist */,
			);
			path = SwampHacks;
			sourceTree = "<group>";
		};
/* End PBXGroup section */

/* Begin PBXNativeTarget section */
		70D30C6F21ED53B400A7C17D /* SwampHacks */ = {
			isa = PBXNativeTarget;
			buildConfigurationList = 70D30C8221ED53B600A7C17D /* Build configuration list for PBXNativeTarget "SwampHacks" */;
			buildPhases = (
				70D30C6C21ED53B400A7C17D /* Sources */,
				70D30C6D21ED53B400A7C17D /* Frameworks */,
				70D30C6E21ED53B400A7C17D /* Resources */,
			);
			buildRules = (
			);
			dependencies = (
			);
			name = SwampHacks;
			productName = SwampHacks;
			productReference = 70D30C7021ED53B400A7C17D /* SwampHacks.app */;
			productType = "com.apple.product-type.application";
		};
/* End PBXNativeTarget section */

/* Begin PBXProject section */
		70D30C6821ED53B400A7C17D /* Project object */ = {
			isa = PBXProject;
			attributes = {
				LastSwiftUpdateCheck = 1010;
				LastUpgradeCheck = 1010;
				ORGANIZATIONNAME = "Zachary Cowan";
				TargetAttributes = {
					70D30C6F21ED53B400A7C17D = {
						CreatedOnToolsVersion = 10.1;
					};
				};
			};
			buildConfigurationList = 70D30C6B21ED53B400A7C17D /* Build configuration list for PBXProject "SwampHacks" */;
			compatibilityVersion = "Xcode 9.3";
			developmentRegion = en;
			hasScannedForEncodings = 0;
			knownRegions = (
				en,
				Base,
			);
			mainGroup = 70D30C6721ED53B400A7C17D;
			productRefGroup = 70D30C7121ED53B400A7C17D /* Products */;
			projectDirPath = "";
			projectRoot = "";
			targets = (
				70D30C6F21ED53B400A7C17D /* SwampHacks */,
			);
		};
/* End PBXProject section */

/* Begin PBXResourcesBuildPhase section */
		70D30C6E21ED53B400A7C17D /* Resources */ = {
			isa = PBXResourcesBuildPhase;
			buildActionMask = 2147483647;
			files = (
				70FD4D5021EF9A83008F8925 /* WeatherPage.storyboard in Resources */,
				70D30C7E21ED53B600A7C17D /* LaunchScreen.storyboard in Resources */,
				70B798A121EFB7F2008812A3 /* LocationWeather.storyboard in Resources */,
				70D30C7B21ED53B600A7C17D /* Assets.xcassets in Resources */,
				70FD4D4E21EF9A72008F8925 /* TitlePage.storyboard in Resources */,
				70D30C7921ED53B500A7C17D /* Main.storyboard in Resources */,
			);
			runOnlyForDeploymentPostprocessing = 0;
		};
/* End PBXResourcesBuildPhase section */

/* Begin PBXSourcesBuildPhase section */
		70D30C6C21ED53B400A7C17D /* Sources */ = {
			isa = PBXSourcesBuildPhase;
			buildActionMask = 2147483647;
			files = (
				70D30C7621ED53B500A7C17D /* ViewController.swift in Sources */,
				70D30C7421ED53B500A7C17D /* AppDelegate.swift in Sources */,
			);
			runOnlyForDeploymentPostprocessing = 0;
		};
/* End PBXSourcesBuildPhase section */

/* Begin PBXVariantGroup section */
		70D30C7721ED53B500A7C17D /* Main.storyboard */ = {
			isa = PBXVariantGroup;
			children = (
				70D30C7821ED53B500A7C17D /* Base */,
			);
			name = Main.storyboard;
			sourceTree = "<group>";
		};
		70D30C7C21ED53B600A7C17D /* LaunchScreen.storyboard */ = {
			isa = PBXVariantGroup;
			children = (
				70D30C7D21ED53B600A7C17D /* Base */,
			);
			name = LaunchScreen.storyboard;
			sourceTree = "<group>";
		};
/* End PBXVariantGroup section */

/* Begin XCBuildConfiguration section */
		70D30C8021ED53B600A7C17D /* Debug */ = {
			isa = XCBuildConfiguration;
			buildSettings = {
				ALWAYS_SEARCH_USER_PATHS = NO;
				CLANG_ANALYZER_NONNULL = YES;
				CLANG_ANALYZER_NUMBER_OBJECT_CONVERSION = YES_AGGRESSIVE;
				CLANG_CXX_LANGUAGE_STANDARD = "gnu++14";
				CLANG_CXX_LIBRARY = "libc++";
				CLANG_ENABLE_MODULES = YES;
				CLANG_ENABLE_OBJC_ARC = YES;
				CLANG_ENABLE_OBJC_WEAK = YES;
				CLANG_WARN_BLOCK_CAPTURE_AUTORELEASING = YES;
				CLANG_WARN_BOOL_CONVERSION = YES;
				CLANG_WARN_COMMA = YES;
				CLANG_WARN_CONSTANT_CONVERSION = YES;
				CLANG_WARN_DEPRECATED_OBJC_IMPLEMENTATIONS = YES;
				CLANG_WARN_DIRECT_OBJC_ISA_USAGE = YES_ERROR;
				CLANG_WARN_DOCUMENTATION_COMMENTS = YES;
				CLANG_WARN_EMPTY_BODY = YES;
				CLANG_WARN_ENUM_CONVERSION = YES;
				CLANG_WARN_INFINITE_RECURSION = YES;
				CLANG_WARN_INT_CONVERSION = YES;
				CLANG_WARN_NON_LITERAL_NULL_CONVERSION = YES;
				CLANG_WARN_OBJC_IMPLICIT_RETAIN_SELF = YES;
				CLANG_WARN_OBJC_LITERAL_CONVERSION = YES;
				CLANG_WARN_OBJC_ROOT_CLASS = YES_ERROR;
				CLANG_WARN_RANGE_LOOP_ANALYSIS = YES;
				CLANG_WARN_STRICT_PROTOTYPES = YES;
				CLANG_WARN_SUSPICIOUS_MOVE = YES;
				CLANG_WARN_UNGUARDED_AVAILABILITY = YES_AGGRESSIVE;
				CLANG_WARN_UNREACHABLE_CODE = YES;
				CLANG_WARN__DUPLICATE_METHOD_MATCH = YES;
				CODE_SIGN_IDENTITY = "iPhone Developer";
				COPY_PHASE_STRIP = NO;
				DEBUG_INFORMATION_FORMAT = dwarf;
				ENABLE_STRICT_OBJC_MSGSEND = YES;
				ENABLE_TESTABILITY = YES;
				GCC_C_LANGUAGE_STANDARD = gnu11;
				GCC_DYNAMIC_NO_PIC = NO;
				GCC_NO_COMMON_BLOCKS = YES;
				GCC_OPTIMIZATION_LEVEL = 0;
				GCC_PREPROCESSOR_DEFINITIONS = (
					"DEBUG=1",
					"$(inherited)",
				);
				GCC_WARN_64_TO_32_BIT_CONVERSION = YES;
				GCC_WARN_ABOUT_RETURN_TYPE = YES_ERROR;
				GCC_WARN_UNDECLARED_SELECTOR = YES;
				GCC_WARN_UNINITIALIZED_AUTOS = YES_AGGRESSIVE;
				GCC_WARN_UNUSED_FUNCTION = YES;
				GCC_WARN_UNUSED_VARIABLE = YES;
				IPHONEOS_DEPLOYMENT_TARGET = 12.1;
				MTL_ENABLE_DEBUG_INFO = INCLUDE_SOURCE;
				MTL_FAST_MATH = YES;
				ONLY_ACTIVE_ARCH = YES;
				SDKROOT = iphoneos;
				SWIFT_ACTIVE_COMPILATION_CONDITIONS = DEBUG;
				SWIFT_OPTIMIZATION_LEVEL = "-Onone";
			};
			name = Debug;
		};
		70D30C8121ED53B600A7C17D /* Release */ = {
			isa = XCBuildConfiguration;
			buildSettings = {
				ALWAYS_SEARCH_USER_PATHS = NO;
				CLANG_ANALYZER_NONNULL = YES;
				CLANG_ANALYZER_NUMBER_OBJECT_CONVERSION = YES_AGGRESSIVE;
				CLANG_CXX_LANGUAGE_STANDARD = "gnu++14";
				CLANG_CXX_LIBRARY = "libc++";
				CLANG_ENABLE_MODULES = YES;
				CLANG_ENABLE_OBJC_ARC = YES;
				CLANG_ENABLE_OBJC_WEAK = YES;
				CLANG_WARN_BLOCK_CAPTURE_AUTORELEASING = YES;
				CLANG_WARN_BOOL_CONVERSION = YES;
				CLANG_WARN_COMMA = YES;
				CLANG_WARN_CONSTANT_CONVERSION = YES;
				CLANG_WARN_DEPRECATED_OBJC_IMPLEMENTATIONS = YES;
				CLANG_WARN_DIRECT_OBJC_ISA_USAGE = YES_ERROR;
				CLANG_WARN_DOCUMENTATION_COMMENTS = YES;
				CLANG_WARN_EMPTY_BODY = YES;
				CLANG_WARN_ENUM_CONVERSION = YES;
				CLANG_WARN_INFINITE_RECURSION = YES;
				CLANG_WARN_INT_CONVERSION = YES;
				CLANG_WARN_NON_LITERAL_NULL_CONVERSION = YES;
				CLANG_WARN_OBJC_IMPLICIT_RETAIN_SELF = YES;
				CLANG_WARN_OBJC_LITERAL_CONVERSION = YES;
				CLANG_WARN_OBJC_ROOT_CLASS = YES_ERROR;
				CLANG_WARN_RANGE_LOOP_ANALYSIS = YES;
				CLANG_WARN_STRICT_PROTOTYPES = YES;
				CLANG_WARN_SUSPICIOUS_MOVE = YES;
				CLANG_WARN_UNGUARDED_AVAILABILITY = YES_AGGRESSIVE;
				CLANG_WARN_UNREACHABLE_CODE = YES;
				CLANG_WARN__DUPLICATE_METHOD_MATCH = YES;
				CODE_SIGN_IDENTITY = "iPhone Developer";
				COPY_PHASE_STRIP = NO;
				DEBUG_INFORMATION_FORMAT = "dwarf-with-dsym";
				ENABLE_NS_ASSERTIONS = NO;
				ENABLE_STRICT_OBJC_MSGSEND = YES;
				GCC_C_LANGUAGE_STANDARD = gnu11;
				GCC_NO_COMMON_BLOCKS = YES;
				GCC_WARN_64_TO_32_BIT_CONVERSION = YES;
				GCC_WARN_ABOUT_RETURN_TYPE = YES_ERROR;
				GCC_WARN_UNDECLARED_SELECTOR = YES;
				GCC_WARN_UNINITIALIZED_AUTOS = YES_AGGRESSIVE;
				GCC_WARN_UNUSED_FUNCTION = YES;
				GCC_WARN_UNUSED_VARIABLE = YES;
				IPHONEOS_DEPLOYMENT_TARGET = 12.1;
				MTL_ENABLE_DEBUG_INFO = NO;
				MTL_FAST_MATH = YES;
				SDKROOT = iphoneos;
				SWIFT_COMPILATION_MODE = wholemodule;
				SWIFT_OPTIMIZATION_LEVEL = "-O";
				VALIDATE_PRODUCT = YES;
			};
			name = Release;
		};
		70D30C8321ED53B600A7C17D /* Debug */ = {
			isa = XCBuildConfiguration;
			buildSettings = {
				ASSETCATALOG_COMPILER_APPICON_NAME = AppIcon;
				CODE_SIGN_STYLE = Automatic;
				DEVELOPMENT_TEAM = DWU6X7XHWP;
				INFOPLIST_FILE = SwampHacks/Info.plist;
				LD_RUNPATH_SEARCH_PATHS = (
					"$(inherited)",
					"@executable_path/Frameworks",
				);
				PRODUCT_BUNDLE_IDENTIFIER = com.zacharycowan.SwampHacks;
				PRODUCT_NAME = "$(TARGET_NAME)";
				SWIFT_VERSION = 4.2;
				TARGETED_DEVICE_FAMILY = "1,2";
			};
			name = Debug;
		};
		70D30C8421ED53B600A7C17D /* Release */ = {
			isa = XCBuildConfiguration;
			buildSettings = {
				ASSETCATALOG_COMPILER_APPICON_NAME = AppIcon;
				CODE_SIGN_STYLE = Automatic;
				DEVELOPMENT_TEAM = DWU6X7XHWP;
				INFOPLIST_FILE = SwampHacks/Info.plist;
				LD_RUNPATH_SEARCH_PATHS = (
					"$(inherited)",
					"@executable_path/Frameworks",
				);
				PRODUCT_BUNDLE_IDENTIFIER = com.zacharycowan.SwampHacks;
				PRODUCT_NAME = "$(TARGET_NAME)";
				SWIFT_VERSION = 4.2;
				TARGETED_DEVICE_FAMILY = "1,2";
			};
			name = Release;
		};
/* End XCBuildConfiguration section */

/* Begin XCConfigurationList section */
		70D30C6B21ED53B400A7C17D /* Build configuration list for PBXProject "SwampHacks" */ = {
			isa = XCConfigurationList;
			buildConfigurations = (
				70D30C8021ED53B600A7C17D /* Debug */,
				70D30C8121ED53B600A7C17D /* Release */,
			);
			defaultConfigurationIsVisible = 0;
			defaultConfigurationName = Release;
		};
		70D30C8221ED53B600A7C17D /* Build configuration list for PBXNativeTarget "SwampHacks" */ = {
			isa = XCConfigurationList;
			buildConfigurations = (
				70D30C8321ED53B600A7C17D /* Debug */,
				70D30C8421ED53B600A7C17D /* Release */,
			);
			defaultConfigurationIsVisible = 0;
			defaultConfigurationName = Release;
		};
/* End XCConfigurationList section */
	};
	rootObject = 70D30C6821ED53B400A7C17D /* Project object */;
}
